
Microsoft Visual Studio Solution File, Format Version 12.00
# Visual Studio 14
VisualStudioVersion = 14.0.23107.0
MinimumVisualStudioVersion = 10.0.40219.1
Project("{FAE04EC0-301F-11D3-BF4B-00C04F79EFBC}") = "CodeGeneration", "CodeGeneration\CodeGeneration.csproj", "{B492FE99-F506-48C7-8D6D-B35C2CDEF668}"
EndProject
Project("{FAE04EC0-301F-11D3-BF4B-00C04F79EFBC}") = "CodeGenerationOnScreen", "CodeGenerationOnScreen\CodeGenerationOnScreen.csproj", "{6DAB8086-721C-4897-BFCA-411E6D5C8506}"
EndProject
Project("{FAE04EC0-301F-11D3-BF4B-00C04F79EFBC}") = "TranslationChecker", "TranslationChecker\TranslationChecker.csproj", "{F5866582-DFF2-4AC3-8A78-3B6EF41A59D7}"
EndProject
Project("{FAE04EC0-301F-11D3-BF4B-00C04F79EFBC}") = "ReplaceStringInManyProject", "ReplaceStringInManyProject\ReplaceStringInManyProject.csproj", "{1CFB40EC-5C97-4200-978D-C25201191B73}"
EndProject
Global
	GlobalSection(SolutionConfigurationPlatforms) = preSolution
		Debug|Any CPU = Debug|Any CPU
		Release|Any CPU = Release|Any CPU
	EndGlobalSection
	GlobalSection(ProjectConfigurationPlatforms) = postSolution
		{B492FE99-F506-48C7-8D6D-B35C2CDEF668}.Debug|Any CPU.ActiveCfg = Debug|Any CPU
		{B492FE99-F506-48C7-8D6D-B35C2CDEF668}.Debug|Any CPU.Build.0 = Debug|Any CPU
		{B492FE99-F506-48C7-8D6D-B35C2CDEF668}.Release|Any CPU.ActiveCfg = Release|Any CPU
		{B492FE99-F506-48C7-8D6D-B35C2CDEF668}.Release|Any CPU.Build.0 = Release|Any CPU
		{6DAB8086-721C-4897-BFCA-411E6D5C8506}.Debug|Any CPU.ActiveCfg = Debug|Any CPU
		{6DAB8086-721C-4897-BFCA-411E6D5C8506}.Debug|Any CPU.Build.0 = Debug|Any CPU
		{6DAB8086-721C-4897-BFCA-411E6D5C8506}.Release|Any CPU.ActiveCfg = Release|Any CPU
		{6DAB8086-721C-4897-BFCA-411E6D5C8506}.Release|Any CPU.Build.0 = Release|Any CPU
		{F5866582-DFF2-4AC3-8A78-3B6EF41A59D7}.Debug|Any CPU.ActiveCfg = Debug|Any CPU
		{F5866582-DFF2-4AC3-8A78-3B6EF41A59D7}.Debug|Any CPU.Build.0 = Debug|Any CPU
		{F5866582-DFF2-4AC3-8A78-3B6EF41A59D7}.Release|Any CPU.ActiveCfg = Release|Any CPU
		{F5866582-DFF2-4AC3-8A78-3B6EF41A59D7}.Release|Any CPU.Build.0 = Release|Any CPU
		{1CFB40EC-5C97-4200-978D-C25201191B73}.Debug|Any CPU.ActiveCfg = Debug|Any CPU
		{1CFB40EC-5C97-4200-978D-C25201191B73}.Debug|Any CPU.Build.0 = Debug|Any CPU
		{1CFB40EC-5C97-4200-978D-C25201191B73}.Release|Any CPU.ActiveCfg = Release|Any CPU
		{1CFB40EC-5C97-4200-978D-C25201191B73}.Release|Any CPU.Build.0 = Release|Any CPU
	EndGlobalSection
	GlobalSection(SolutionProperties) = preSolution
		HideSolutionNode = FALSE
	EndGlobalSection
EndGlobal
